// !$*UTF8*$!
{
	archiveVersion = 1;
	classes = {
	};
	objectVersion = 50;
	objects = {

/* Begin PBXBuildFile section */
		B5661FCA2568538500D11D42 /* DetialsView.swift in Sources */ = {isa = PBXBuildFile; fileRef = B5661FC92568538500D11D42 /* DetialsView.swift */; };
		B5729CFE256812EA0031ADDE /* AppDelegate.swift in Sources */ = {isa = PBXBuildFile; fileRef = B5729CFD256812EA0031ADDE /* AppDelegate.swift */; };
		B5729D00256812EA0031ADDE /* SceneDelegate.swift in Sources */ = {isa = PBXBuildFile; fileRef = B5729CFF256812EA0031ADDE /* SceneDelegate.swift */; };
		B5729D02256812EA0031ADDE /* ContentView.swift in Sources */ = {isa = PBXBuildFile; fileRef = B5729D01256812EA0031ADDE /* ContentView.swift */; };
		B5729D04256812EB0031ADDE /* Assets.xcassets in Resources */ = {isa = PBXBuildFile; fileRef = B5729D03256812EB0031ADDE /* Assets.xcassets */; };
		B5729D07256812EB0031ADDE /* Preview Assets.xcassets in Resources */ = {isa = PBXBuildFile; fileRef = B5729D06256812EB0031ADDE /* Preview Assets.xcassets */; };
		B5729D0A256812EB0031ADDE /* LaunchScreen.storyboard in Resources */ = {isa = PBXBuildFile; fileRef = B5729D08256812EB0031ADDE /* LaunchScreen.storyboard */; };
		B588FC1E25683EA20019C02D /* NetworkManager.swift in Sources */ = {isa = PBXBuildFile; fileRef = B588FC1D25683EA20019C02D /* NetworkManager.swift */; };
		B588FC2025683ED20019C02D /* PostData.swift in Sources */ = {isa = PBXBuildFile; fileRef = B588FC1F25683ED20019C02D /* PostData.swift */; };
/* End PBXBuildFile section */

/* Begin PBXFileReference section */
		B5661FC92568538500D11D42 /* DetialsView.swift */ = {isa = PBXFileReference; lastKnownFileType = sourcecode.swift; path = DetialsView.swift; sourceTree = "<group>"; };
		B5729CFA256812EA0031ADDE /* Hacker News.app */ = {isa = PBXFileReference; explicitFileType = wrapper.application; includeInIndex = 0; path = "Hacker News.app"; sourceTree = BUILT_PRODUCTS_DIR; };
		B5729CFD256812EA0031ADDE /* AppDelegate.swift */ = {isa = PBXFileReference; lastKnownFileType = sourcecode.swift; path = AppDelegate.swift; sourceTree = "<group>"; };
		B5729CFF256812EA0031ADDE /* SceneDelegate.swift */ = {isa = PBXFileReference; lastKnownFileType = sourcecode.swift; path = SceneDelegate.swift; sourceTree = "<group>"; };
		B5729D01256812EA0031ADDE /* ContentView.swift */ = {isa = PBXFileReference; lastKnownFileType = sourcecode.swift; path = ContentView.swift; sourceTree = "<group>"; };
		B5729D03256812EB0031ADDE /* Assets.xcassets */ = {isa = PBXFileReference; lastKnownFileType = folder.assetcatalog; path = Assets.xcassets; sourceTree = "<group>"; };
		B5729D06256812EB0031ADDE /* Preview Assets.xcassets */ = {isa = PBXFileReference; lastKnownFileType = folder.assetcatalog; path = "Preview Assets.xcassets"; sourceTree = "<group>"; };
		B5729D09256812EB0031ADDE /* Base */ = {isa = PBXFileReference; lastKnownFileType = file.storyboard; name = Base; path = Base.lproj/LaunchScreen.storyboard; sourceTree = "<group>"; };
		B5729D0B256812EB0031ADDE /* Info.plist */ = {isa = PBXFileReference; lastKnownFileType = text.plist.xml; path = Info.plist; sourceTree = "<group>"; };
		B588FC1D25683EA20019C02D /* NetworkManager.swift */ = {isa = PBXFileReference; lastKnownFileType = sourcecode.swift; path = NetworkManager.swift; sourceTree = "<group>"; };
		B588FC1F25683ED20019C02D /* PostData.swift */ = {isa = PBXFileReference; lastKnownFileType = sourcecode.swift; path = PostData.swift; sourceTree = "<group>"; };
/* End PBXFileReference section */

/* Begin PBXFrameworksBuildPhase section */
		B5729CF7256812EA0031ADDE /* Frameworks */ = {
			isa = PBXFrameworksBuildPhase;
			buildActionMask = 2147483647;
			files = (
			);
			runOnlyForDeploymentPostprocessing = 0;
		};
/* End PBXFrameworksBuildPhase section */

/* Begin PBXGroup section */
		B5661FC82568535300D11D42 /* Views */ = {
			isa = PBXGroup;
			children = (
				B5729D01256812EA0031ADDE /* ContentView.swift */,
				B5661FC92568538500D11D42 /* DetialsView.swift */,
			);
			path = Views;
			sourceTree = "<group>";
		};
		B5729CF1256812EA0031ADDE = {
			isa = PBXGroup;
			children = (
				B5729CFC256812EA0031ADDE /* Hacker News */,
				B5729CFB256812EA0031ADDE /* Products */,
			);
			sourceTree = "<group>";
		};
		B5729CFB256812EA0031ADDE /* Products */ = {
			isa = PBXGroup;
			children = (
				B5729CFA256812EA0031ADDE /* Hacker News.app */,
			);
			name = Products;
			sourceTree = "<group>";
		};
		B5729CFC256812EA0031ADDE /* Hacker News */ = {
			isa = PBXGroup;
			children = (
				B588FC1C25683E730019C02D /* Model */,
				B5661FC82568535300D11D42 /* Views */,
				B5729CFD256812EA0031ADDE /* AppDelegate.swift */,
				B5729CFF256812EA0031ADDE /* SceneDelegate.swift */,
				B5729D03256812EB0031ADDE /* Assets.xcassets */,
				B5729D08256812EB0031ADDE /* LaunchScreen.storyboard */,
				B5729D0B256812EB0031ADDE /* Info.plist */,
				B5729D05256812EB0031ADDE /* Preview Content */,
			);
			path = "Hacker News";
			sourceTree = "<group>";
		};
		B5729D05256812EB0031ADDE /* Preview Content */ = {
			isa = PBXGroup;
			children = (
				B5729D06256812EB0031ADDE /* Preview Assets.xcassets */,
			);
			path = "Preview Content";
			sourceTree = "<group>";
		};
		B588FC1C25683E730019C02D /* Model */ = {
			isa = PBXGroup;
			children = (
				B588FC1D25683EA20019C02D /* NetworkManager.swift */,
				B588FC1F25683ED20019C02D /* PostData.swift */,
			);
			path = Model;
			sourceTree = "<group>";
		};
/* End PBXGroup section */

/* Begin PBXNativeTarget section */
		B5729CF9256812EA0031ADDE /* Hacker News */ = {
			isa = PBXNativeTarget;
			buildConfigurationList = B5729D0E256812EB0031ADDE /* Build configuration list for PBXNativeTarget "Hacker News" */;
			buildPhases = (
				B5729CF6256812EA0031ADDE /* Sources */,
				B5729CF7256812EA0031ADDE /* Frameworks */,
				B5729CF8256812EA0031ADDE /* Resources */,
			);
			buildRules = (
			);
			dependencies = (
			);
			name = "Hacker News";
			productName = "Hacker News";
			productReference = B5729CFA256812EA0031ADDE /* Hacker News.app */;
			productType = "com.apple.product-type.application";
		};
/* End PBXNativeTarget section */

/* Begin PBXProject section */
		B5729CF2256812EA0031ADDE /* Project object */ = {
			isa = PBXProject;
			attributes = {
				LastSwiftUpdateCheck = 1100;
				LastUpgradeCheck = 1100;
				ORGANIZATIONNAME = Amna;
				TargetAttributes = {
					B5729CF9256812EA0031ADDE = {
						CreatedOnToolsVersion = 11.0;
					};
				};
			};
			buildConfigurationList = B5729CF5256812EA0031ADDE /* Build configuration list for PBXProject "Hacker News" */;
			compatibilityVersion = "Xcode 9.3";
			developmentRegion = en;
			hasScannedForEncodings = 0;
			knownRegions = (
				en,
				Base,
			);
			mainGroup = B5729CF1256812EA0031ADDE;
			productRefGroup = B5729CFB256812EA0031ADDE /* Products */;
			projectDirPath = "";
			projectRoot = "";
			targets = (
				B5729CF9256812EA0031ADDE /* Hacker News */,
			);
		};
/* End PBXProject section */

/* Begin PBXResourcesBuildPhase section */
		B5729CF8256812EA0031ADDE /* Resources */ = {
			isa = PBXResourcesBuildPhase;
			buildActionMask = 2147483647;
			files = (
				B5729D0A256812EB0031ADDE /* LaunchScreen.storyboard in Resources */,
				B5729D07256812EB0031ADDE /* Preview Assets.xcassets in Resources */,
				B5729D04256812EB0031ADDE /* Assets.xcassets in Resources */,
			);
			runOnlyForDeploymentPostprocessing = 0;
		};
/* End PBXResourcesBuildPhase section */

/* Begin PBXSourcesBuildPhase section */
		B5729CF6256812EA0031ADDE /* Sources */ = {
			isa = PBXSourcesBuildPhase;
			buildActionMask = 2147483647;
			files = (
				B588FC2025683ED20019C02D /* PostData.swift in Sources */,
				B5661FCA2568538500D11D42 /* DetialsView.swift in Sources */,
				B588FC1E25683EA20019C02D /* NetworkManager.swift in Sources */,
				B5729CFE256812EA0031ADDE /* AppDelegate.swift in Sources */,
				B5729D00256812EA0031ADDE /* SceneDelegate.swift in Sources */,
				B5729D02256812EA0031ADDE /* ContentView.swift in Sources */,
			);
			runOnlyForDeploymentPostprocessing = 0;
		};
/* End PBXSourcesBuildPhase section */

/* Begin PBXVariantGroup section */
		B5729D08256812EB0031ADDE /* LaunchScreen.storyboard */ = {
			isa = PBXVariantGroup;
			children = (
				B5729D09256812EB0031ADDE /* Base */,
			);
			name = LaunchScreen.storyboard;
			sourceTree = "<group>";
		};
/* End PBXVariantGroup section */

/* Begin XCBuildConfiguration section */
		B5729D0C256812EB0031ADDE /* Debug */ = {
			isa = XCBuildConfiguration;
			buildSettings = {
				ALWAYS_SEARCH_USER_PATHS = NO;
				CLANG_ANALYZER_NONNULL = YES;
				CLANG_ANALYZER_NUMBER_OBJECT_CONVERSION = YES_AGGRESSIVE;
				CLANG_CXX_LANGUAGE_STANDARD = "gnu++14";
				CLANG_CXX_LIBRARY = "libc++";
				CLANG_ENABLE_MODULES = YES;
				CLANG_ENABLE_OBJC_ARC = YES;
				CLANG_ENABLE_OBJC_WEAK = YES;
				CLANG_WARN_BLOCK_CAPTURE_AUTORELEASING = YES;
				CLANG_WARN_BOOL_CONVERSION = YES;
				CLANG_WARN_COMMA = YES;
				CLANG_WARN_CONSTANT_CONVERSION = YES;
				CLANG_WARN_DEPRECATED_OBJC_IMPLEMENTATIONS = YES;
				CLANG_WARN_DIRECT_OBJC_ISA_USAGE = YES_ERROR;
				CLANG_WARN_DOCUMENTATION_COMMENTS = YES;
				CLANG_WARN_EMPTY_BODY = YES;
				CLANG_WARN_ENUM_CONVERSION = YES;
				CLANG_WARN_INFINITE_RECURSION = YES;
				CLANG_WARN_INT_CONVERSION = YES;
				CLANG_WARN_NON_LITERAL_NULL_CONVERSION = YES;
				CLANG_WARN_OBJC_IMPLICIT_RETAIN_SELF = YES;
				CLANG_WARN_OBJC_LITERAL_CONVERSION = YES;
				CLANG_WARN_OBJC_ROOT_CLASS = YES_ERROR;
				CLANG_WARN_RANGE_LOOP_ANALYSIS = YES;
				CLANG_WARN_STRICT_PROTOTYPES = YES;
				CLANG_WARN_SUSPICIOUS_MOVE = YES;
				CLANG_WARN_UNGUARDED_AVAILABILITY = YES_AGGRESSIVE;
				CLANG_WARN_UNREACHABLE_CODE = YES;
				CLANG_WARN__DUPLICATE_METHOD_MATCH = YES;
				COPY_PHASE_STRIP = NO;
				DEBUG_INFORMATION_FORMAT = dwarf;
				ENABLE_STRICT_OBJC_MSGSEND = YES;
				ENABLE_TESTABILITY = YES;
				GCC_C_LANGUAGE_STANDARD = gnu11;
				GCC_DYNAMIC_NO_PIC = NO;
				GCC_NO_COMMON_BLOCKS = YES;
				GCC_OPTIMIZATION_LEVEL = 0;
				GCC_PREPROCESSOR_DEFINITIONS = (
					"DEBUG=1",
					"$(inherited)",
				);
				GCC_WARN_64_TO_32_BIT_CONVERSION = YES;
				GCC_WARN_ABOUT_RETURN_TYPE = YES_ERROR;
				GCC_WARN_UNDECLARED_SELECTOR = YES;
				GCC_WARN_UNINITIALIZED_AUTOS = YES_AGGRESSIVE;
				GCC_WARN_UNUSED_FUNCTION = YES;
				GCC_WARN_UNUSED_VARIABLE = YES;
				IPHONEOS_DEPLOYMENT_TARGET = 13.0;
				MTL_ENABLE_DEBUG_INFO = INCLUDE_SOURCE;
				MTL_FAST_MATH = YES;
				ONLY_ACTIVE_ARCH = YES;
				SDKROOT = iphoneos;
				SWIFT_ACTIVE_COMPILATION_CONDITIONS = DEBUG;
				SWIFT_OPTIMIZATION_LEVEL = "-Onone";
			};
			name = Debug;
		};
		B5729D0D256812EB0031ADDE /* Release */ = {
			isa = XCBuildConfiguration;
			buildSettings = {
				ALWAYS_SEARCH_USER_PATHS = NO;
				CLANG_ANALYZER_NONNULL = YES;
				CLANG_ANALYZER_NUMBER_OBJECT_CONVERSION = YES_AGGRESSIVE;
				CLANG_CXX_LANGUAGE_STANDARD = "gnu++14";
				CLANG_CXX_LIBRARY = "libc++";
				CLANG_ENABLE_MODULES = YES;
				CLANG_ENABLE_OBJC_ARC = YES;
				CLANG_ENABLE_OBJC_WEAK = YES;
				CLANG_WARN_BLOCK_CAPTURE_AUTORELEASING = YES;
				CLANG_WARN_BOOL_CONVERSION = YES;
				CLANG_WARN_COMMA = YES;
				CLANG_WARN_CONSTANT_CONVERSION = YES;
				CLANG_WARN_DEPRECATED_OBJC_IMPLEMENTATIONS = YES;
				CLANG_WARN_DIRECT_OBJC_ISA_USAGE = YES_ERROR;
				CLANG_WARN_DOCUMENTATION_COMMENTS = YES;
				CLANG_WARN_EMPTY_BODY = YES;
				CLANG_WARN_ENUM_CONVERSION = YES;
				CLANG_WARN_INFINITE_RECURSION = YES;
				CLANG_WARN_INT_CONVERSION = YES;
				CLANG_WARN_NON_LITERAL_NULL_CONVERSION = YES;
				CLANG_WARN_OBJC_IMPLICIT_RETAIN_SELF = YES;
				CLANG_WARN_OBJC_LITERAL_CONVERSION = YES;
				CLANG_WARN_OBJC_ROOT_CLASS = YES_ERROR;
				CLANG_WARN_RANGE_LOOP_ANALYSIS = YES;
				CLANG_WARN_STRICT_PROTOTYPES = YES;
				CLANG_WARN_SUSPICIOUS_MOVE = YES;
				CLANG_WARN_UNGUARDED_AVAILABILITY = YES_AGGRESSIVE;
				CLANG_WARN_UNREACHABLE_CODE = YES;
				CLANG_WARN__DUPLICATE_METHOD_MATCH = YES;
				COPY_PHASE_STRIP = NO;
				DEBUG_INFORMATION_FORMAT = "dwarf-with-dsym";
				ENABLE_NS_ASSERTIONS = NO;
				ENABLE_STRICT_OBJC_MSGSEND = YES;
				GCC_C_LANGUAGE_STANDARD = gnu11;
				GCC_NO_COMMON_BLOCKS = YES;
				GCC_WARN_64_TO_32_BIT_CONVERSION = YES;
				GCC_WARN_ABOUT_RETURN_TYPE = YES_ERROR;
				GCC_WARN_UNDECLARED_SELECTOR = YES;
				GCC_WARN_UNINITIALIZED_AUTOS = YES_AGGRESSIVE;
				GCC_WARN_UNUSED_FUNCTION = YES;
				GCC_WARN_UNUSED_VARIABLE = YES;
				IPHONEOS_DEPLOYMENT_TARGET = 13.0;
				MTL_ENABLE_DEBUG_INFO = NO;
				MTL_FAST_MATH = YES;
				SDKROOT = iphoneos;
				SWIFT_COMPILATION_MODE = wholemodule;
				SWIFT_OPTIMIZATION_LEVEL = "-O";
				VALIDATE_PRODUCT = YES;
			};
			name = Release;
		};
		B5729D0F256812EB0031ADDE /* Debug */ = {
			isa = XCBuildConfiguration;
			buildSettings = {
				ASSETCATALOG_COMPILER_APPICON_NAME = AppIcon;
				CODE_SIGN_STYLE = Automatic;
				DEVELOPMENT_ASSET_PATHS = "\"Hacker News/Preview Content\"";
				DEVELOPMENT_TEAM = GZ4NYBNN3D;
				ENABLE_PREVIEWS = YES;
				INFOPLIST_FILE = "Hacker News/Info.plist";
				LD_RUNPATH_SEARCH_PATHS = (
					"$(inherited)",
					"@executable_path/Frameworks",
				);
				PRODUCT_BUNDLE_IDENTIFIER = "com.Amna.Hacker-News";
				PRODUCT_NAME = "$(TARGET_NAME)";
				SWIFT_VERSION = 5.0;
				TARGETED_DEVICE_FAMILY = "1,2";
			};
			name = Debug;
		};
		B5729D10256812EB0031ADDE /* Release */ = {
			isa = XCBuildConfiguration;
			buildSettings = {
				ASSETCATALOG_COMPILER_APPICON_NAME = AppIcon;
				CODE_SIGN_STYLE = Automatic;
				DEVELOPMENT_ASSET_PATHS = "\"Hacker News/Preview Content\"";
				DEVELOPMENT_TEAM = GZ4NYBNN3D;
				ENABLE_PREVIEWS = YES;
				INFOPLIST_FILE = "Hacker News/Info.plist";
				LD_RUNPATH_SEARCH_PATHS = (
					"$(inherited)",
					"@executable_path/Frameworks",
				);
				PRODUCT_BUNDLE_IDENTIFIER = "com.Amna.Hacker-News";
				PRODUCT_NAME = "$(TARGET_NAME)";
				SWIFT_VERSION = 5.0;
				TARGETED_DEVICE_FAMILY = "1,2";
			};
			name = Release;
		};
/* End XCBuildConfiguration section */

/* Begin XCConfigurationList section */
		B5729CF5256812EA0031ADDE /* Build configuration list for PBXProject "Hacker News" */ = {
			isa = XCConfigurationList;
			buildConfigurations = (
				B5729D0C256812EB0031ADDE /* Debug */,
				B5729D0D256812EB0031ADDE /* Release */,
			);
			defaultConfigurationIsVisible = 0;
			defaultConfigurationName = Release;
		};
		B5729D0E256812EB0031ADDE /* Build configuration list for PBXNativeTarget "Hacker News" */ = {
			isa = XCConfigurationList;
			buildConfigurations = (
				B5729D0F256812EB0031ADDE /* Debug */,
				B5729D10256812EB0031ADDE /* Release */,
			);
			defaultConfigurationIsVisible = 0;
			defaultConfigurationName = Release;
		};
/* End XCConfigurationList section */
	};
	rootObject = B5729CF2256812EA0031ADDE /* Project object */;
}
